
Microsoft Visual Studio Solution File, Format Version 12.00
# Visual Studio Version 16
VisualStudioVersion = 16.0.30907.101
MinimumVisualStudioVersion = 10.0.40219.1
Project("{FAE04EC0-301F-11D3-BF4B-00C04F79EFBC}") = "OOP", "OOP\OOP.csproj", "{FDCA2096-C31A-4A57-9369-1846B8B1727D}"
EndProject
Global
	GlobalSection(SolutionConfigurationPlatforms) = preSolution
		Debug|Any CPU = Debug|Any CPU
		Release|Any CPU = Release|Any CPU
	EndGlobalSection
	GlobalSection(ProjectConfigurationPlatforms) = postSolution
		{FDCA2096-C31A-4A57-9369-1846B8B1727D}.Debug|Any CPU.ActiveCfg = Debug|Any CPU
		{FDCA2096-C31A-4A57-9369-1846B8B1727D}.Debug|Any CPU.Build.0 = Debug|Any CPU
		{FDCA2096-C31A-4A57-9369-1846B8B1727D}.Release|Any CPU.ActiveCfg = Release|Any CPU
		{FDCA2096-C31A-4A57-9369-1846B8B1727D}.Release|Any CPU.Build.0 = Release|Any CPU
	EndGlobalSection
	GlobalSection(SolutionProperties) = preSolution
		HideSolutionNode = FALSE
	EndGlobalSection
	GlobalSection(ExtensibilityGlobals) = postSolution
		SolutionGuid = {4B4F4671-9F1A-49AF-9F81-C14564A1DADF}
	EndGlobalSection
EndGlobal
